
Microsoft Visual Studio Solution File, Format Version 12.00
# Visual Studio Version 16
VisualStudioVersion = 16.0.29806.167
MinimumVisualStudioVersion = 10.0.40219.1
Project("{8BC9CEB8-8B4A-11D0-8D11-00A0C91BC942}") = "DIPProject", "DIPProject\DIPProject.vcxproj", "{F8213DA7-BFF9-4A21-A5E4-A6EF360F3261}"
EndProject
Global
	GlobalSection(SolutionConfigurationPlatforms) = preSolution
		Debug|x64 = Debug|x64
		Debug|x86 = Debug|x86
		Release|x64 = Release|x64
		Release|x86 = Release|x86
	EndGlobalSection
	GlobalSection(ProjectConfigurationPlatforms) = postSolution
		{F8213DA7-BFF9-4A21-A5E4-A6EF360F3261}.Debug|x64.ActiveCfg = Debug|x64
		{F8213DA7-BFF9-4A21-A5E4-A6EF360F3261}.Debug|x64.Build.0 = Debug|x64
		{F8213DA7-BFF9-4A21-A5E4-A6EF360F3261}.Debug|x86.ActiveCfg = Debug|Win32
		{F8213DA7-BFF9-4A21-A5E4-A6EF360F3261}.Debug|x86.Build.0 = Debug|Win32
		{F8213DA7-BFF9-4A21-A5E4-A6EF360F3261}.Release|x64.ActiveCfg = Release|x64
		{F8213DA7-BFF9-4A21-A5E4-A6EF360F3261}.Release|x64.Build.0 = Release|x64
		{F8213DA7-BFF9-4A21-A5E4-A6EF360F3261}.Release|x86.ActiveCfg = Release|Win32
		{F8213DA7-BFF9-4A21-A5E4-A6EF360F3261}.Release|x86.Build.0 = Release|Win32
	EndGlobalSection
	GlobalSection(SolutionProperties) = preSolution
		HideSolutionNode = FALSE
	EndGlobalSection
	GlobalSection(ExtensibilityGlobals) = postSolution
		SolutionGuid = {F181E2F9-2D63-41B6-BD40-CC541BD24D45}
	EndGlobalSection
EndGlobal
